// !$*UTF8*$!
{
	archiveVersion = 1;
	classes = {
	};
	objectVersion = 77;
	objects = {

/* Begin PBXContainerItemProxy section */
		3D80E8112E4851A5002A21A0 /* PBXContainerItemProxy */ = {
			isa = PBXContainerItemProxy;
			containerPortal = 3D80E7F92E4851A4002A21A0 /* Project object */;
			proxyType = 1;
			remoteGlobalIDString = 3D80E8002E4851A4002A21A0;
			remoteInfo = Warak;
		};
		3D80E81B2E4851A5002A21A0 /* PBXContainerItemProxy */ = {
			isa = PBXContainerItemProxy;
			containerPortal = 3D80E7F92E4851A4002A21A0 /* Project object */;
			proxyType = 1;
			remoteGlobalIDString = 3D80E8002E4851A4002A21A0;
			remoteInfo = Warak;
		};
/* End PBXContainerItemProxy section */

/* Begin PBXFileReference section */
		3D80E8012E4851A4002A21A0 /* Warak.app */ = {isa = PBXFileReference; explicitFileType = wrapper.application; includeInIndex = 0; path = Warak.app; sourceTree = BUILT_PRODUCTS_DIR; };
		3D80E8102E4851A5002A21A0 /* WarakTests.xctest */ = {isa = PBXFileReference; explicitFileType = wrapper.cfbundle; includeInIndex = 0; path = WarakTests.xctest; sourceTree = BUILT_PRODUCTS_DIR; };
		3D80E81A2E4851A5002A21A0 /* WarakUITests.xctest */ = {isa = PBXFileReference; explicitFileType = wrapper.cfbundle; includeInIndex = 0; path = WarakUITests.xctest; sourceTree = BUILT_PRODUCTS_DIR; };
/* End PBXFileReference section */

/* Begin PBXFileSystemSynchronizedBuildFileExceptionSet section */
		3D80E8492E4867F5002A21A0 /* Exceptions for "Warak" folder in "Warak" target */ = {
			isa = PBXFileSystemSynchronizedBuildFileExceptionSet;
			membershipExceptions = (
				Info.plist,
			);
			target = 3D80E8002E4851A4002A21A0 /* Warak */;
		};
		3D98806E2E496B31004C487A /* Exceptions for "Warak" folder in "WarakTests" target */ = {
			isa = PBXFileSystemSynchronizedBuildFileExceptionSet;
			membershipExceptions = (
				App/StaticProperties.plist,
			);
			target = 3D80E80F2E4851A5002A21A0 /* WarakTests */;
		};
/* End PBXFileSystemSynchronizedBuildFileExceptionSet section */

/* Begin PBXFileSystemSynchronizedRootGroup section */
		3D80E8032E4851A4002A21A0 /* Warak */ = {
			isa = PBXFileSystemSynchronizedRootGroup;
			exceptions = (
				3D80E8492E4867F5002A21A0 /* Exceptions for "Warak" folder in "Warak" target */,
				3D98806E2E496B31004C487A /* Exceptions for "Warak" folder in "WarakTests" target */,
			);
			path = Warak;
			sourceTree = "<group>";
		};
		3D80E8132E4851A5002A21A0 /* WarakTests */ = {
			isa = PBXFileSystemSynchronizedRootGroup;
			path = WarakTests;
			sourceTree = "<group>";
		};
		3D80E81D2E4851A5002A21A0 /* WarakUITests */ = {
			isa = PBXFileSystemSynchronizedRootGroup;
			path = WarakUITests;
			sourceTree = "<group>";
		};
/* End PBXFileSystemSynchronizedRootGroup section */

/* Begin PBXFrameworksBuildPhase section */
		3D80E7FE2E4851A4002A21A0 /* Frameworks */ = {
			isa = PBXFrameworksBuildPhase;
			buildActionMask = 2147483647;
			files = (
			);
			runOnlyForDeploymentPostprocessing = 0;
		};
		3D80E80D2E4851A5002A21A0 /* Frameworks */ = {
			isa = PBXFrameworksBuildPhase;
			buildActionMask = 2147483647;
			files = (
			);
			runOnlyForDeploymentPostprocessing = 0;
		};
		3D80E8172E4851A5002A21A0 /* Frameworks */ = {
			isa = PBXFrameworksBuildPhase;
			buildActionMask = 2147483647;
			files = (
			);
			runOnlyForDeploymentPostprocessing = 0;
		};
/* End PBXFrameworksBuildPhase section */

/* Begin PBXGroup section */
		3D80E7F82E4851A4002A21A0 = {
			isa = PBXGroup;
			children = (
				3D80E8032E4851A4002A21A0 /* Warak */,
				3D80E8132E4851A5002A21A0 /* WarakTests */,
				3D80E81D2E4851A5002A21A0 /* WarakUITests */,
				3D80E8022E4851A4002A21A0 /* Products */,
			);
			sourceTree = "<group>";
		};
		3D80E8022E4851A4002A21A0 /* Products */ = {
			isa = PBXGroup;
			children = (
				3D80E8012E4851A4002A21A0 /* Warak.app */,
				3D80E8102E4851A5002A21A0 /* WarakTests.xctest */,
				3D80E81A2E4851A5002A21A0 /* WarakUITests.xctest */,
			);
			name = Products;
			sourceTree = "<group>";
		};
/* End PBXGroup section */

/* Begin PBXNativeTarget section */
		3D80E8002E4851A4002A21A0 /* Warak */ = {
			isa = PBXNativeTarget;
			buildConfigurationList = 3D80E8242E4851A5002A21A0 /* Build configuration list for PBXNativeTarget "Warak" */;
			buildPhases = (
				3D80E7FD2E4851A4002A21A0 /* Sources */,
				3D80E7FE2E4851A4002A21A0 /* Frameworks */,
				3D80E7FF2E4851A4002A21A0 /* Resources */,
			);
			buildRules = (
			);
			dependencies = (
			);
			fileSystemSynchronizedGroups = (
				3D80E8032E4851A4002A21A0 /* Warak */,
			);
			name = Warak;
			packageProductDependencies = (
			);
			productName = Warak;
			productReference = 3D80E8012E4851A4002A21A0 /* Warak.app */;
			productType = "com.apple.product-type.application";
		};
		3D80E80F2E4851A5002A21A0 /* WarakTests */ = {
			isa = PBXNativeTarget;
			buildConfigurationList = 3D80E8272E4851A5002A21A0 /* Build configuration list for PBXNativeTarget "WarakTests" */;
			buildPhases = (
				3D80E80C2E4851A5002A21A0 /* Sources */,
				3D80E80D2E4851A5002A21A0 /* Frameworks */,
				3D80E80E2E4851A5002A21A0 /* Resources */,
			);
			buildRules = (
			);
			dependencies = (
				3D80E8122E4851A5002A21A0 /* PBXTargetDependency */,
			);
			fileSystemSynchronizedGroups = (
				3D80E8132E4851A5002A21A0 /* WarakTests */,
			);
			name = WarakTests;
			packageProductDependencies = (
			);
			productName = WarakTests;
			productReference = 3D80E8102E4851A5002A21A0 /* WarakTests.xctest */;
			productType = "com.apple.product-type.bundle.unit-test";
		};
		3D80E8192E4851A5002A21A0 /* WarakUITests */ = {
			isa = PBXNativeTarget;
			buildConfigurationList = 3D80E82A2E4851A5002A21A0 /* Build configuration list for PBXNativeTarget "WarakUITests" */;
			buildPhases = (
				3D80E8162E4851A5002A21A0 /* Sources */,
				3D80E8172E4851A5002A21A0 /* Frameworks */,
				3D80E8182E4851A5002A21A0 /* Resources */,
			);
			buildRules = (
			);
			dependencies = (
				3D80E81C2E4851A5002A21A0 /* PBXTargetDependency */,
			);
			fileSystemSynchronizedGroups = (
				3D80E81D2E4851A5002A21A0 /* WarakUITests */,
			);
			name = WarakUITests;
			packageProductDependencies = (
			);
			productName = WarakUITests;
			productReference = 3D80E81A2E4851A5002A21A0 /* WarakUITests.xctest */;
			productType = "com.apple.product-type.bundle.ui-testing";
		};
/* End PBXNativeTarget section */

/* Begin PBXProject section */
		3D80E7F92E4851A4002A21A0 /* Project object */ = {
			isa = PBXProject;
			attributes = {
				BuildIndependentTargetsInParallel = 1;
				LastSwiftUpdateCheck = 1640;
				LastUpgradeCheck = 1640;
				TargetAttributes = {
					3D80E8002E4851A4002A21A0 = {
						CreatedOnToolsVersion = 16.4;
					};
					3D80E80F2E4851A5002A21A0 = {
						CreatedOnToolsVersion = 16.4;
						TestTargetID = 3D80E8002E4851A4002A21A0;
					};
					3D80E8192E4851A5002A21A0 = {
						CreatedOnToolsVersion = 16.4;
						TestTargetID = 3D80E8002E4851A4002A21A0;
					};
				};
			};
			buildConfigurationList = 3D80E7FC2E4851A4002A21A0 /* Build configuration list for PBXProject "Warak" */;
			developmentRegion = en;
			hasScannedForEncodings = 0;
			knownRegions = (
				en,
				Base,
			);
			mainGroup = 3D80E7F82E4851A4002A21A0;
			minimizedProjectReferenceProxies = 1;
			preferredProjectObjectVersion = 77;
			productRefGroup = 3D80E8022E4851A4002A21A0 /* Products */;
			projectDirPath = "";
			projectRoot = "";
			targets = (
				3D80E8002E4851A4002A21A0 /* Warak */,
				3D80E80F2E4851A5002A21A0 /* WarakTests */,
				3D80E8192E4851A5002A21A0 /* WarakUITests */,
			);
		};
/* End PBXProject section */

/* Begin PBXResourcesBuildPhase section */
		3D80E7FF2E4851A4002A21A0 /* Resources */ = {
			isa = PBXResourcesBuildPhase;
			buildActionMask = 2147483647;
			files = (
			);
			runOnlyForDeploymentPostprocessing = 0;
		};
		3D80E80E2E4851A5002A21A0 /* Resources */ = {
			isa = PBXResourcesBuildPhase;
			buildActionMask = 2147483647;
			files = (
			);
			runOnlyForDeploymentPostprocessing = 0;
		};
		3D80E8182E4851A5002A21A0 /* Resources */ = {
			isa = PBXResourcesBuildPhase;
			buildActionMask = 2147483647;
			files = (
			);
			runOnlyForDeploymentPostprocessing = 0;
		};
/* End PBXResourcesBuildPhase section */

/* Begin PBXSourcesBuildPhase section */
		3D80E7FD2E4851A4002A21A0 /* Sources */ = {
			isa = PBXSourcesBuildPhase;
			buildActionMask = 2147483647;
			files = (
			);
			runOnlyForDeploymentPostprocessing = 0;
		};
		3D80E80C2E4851A5002A21A0 /* Sources */ = {
			isa = PBXSourcesBuildPhase;
			buildActionMask = 2147483647;
			files = (
			);
			runOnlyForDeploymentPostprocessing = 0;
		};
		3D80E8162E4851A5002A21A0 /* Sources */ = {
			isa = PBXSourcesBuildPhase;
			buildActionMask = 2147483647;
			files = (
			);
			runOnlyForDeploymentPostprocessing = 0;
		};
/* End PBXSourcesBuildPhase section */

/* Begin PBXTargetDependency section */
		3D80E8122E4851A5002A21A0 /* PBXTargetDependency */ = {
			isa = PBXTargetDependency;
			target = 3D80E8002E4851A4002A21A0 /* Warak */;
			targetProxy = 3D80E8112E4851A5002A21A0 /* PBXContainerItemProxy */;
		};
		3D80E81C2E4851A5002A21A0 /* PBXTargetDependency */ = {
			isa = PBXTargetDependency;
			target = 3D80E8002E4851A4002A21A0 /* Warak */;
			targetProxy = 3D80E81B2E4851A5002A21A0 /* PBXContainerItemProxy */;
		};
/* End PBXTargetDependency section */

/* Begin XCBuildConfiguration section */
		3D80E8222E4851A5002A21A0 /* Debug */ = {
			isa = XCBuildConfiguration;
			buildSettings = {
				ALWAYS_SEARCH_USER_PATHS = NO;
				ASSETCATALOG_COMPILER_GENERATE_SWIFT_ASSET_SYMBOL_EXTENSIONS = YES;
				CLANG_ANALYZER_NONNULL = YES;
				CLANG_ANALYZER_NUMBER_OBJECT_CONVERSION = YES_AGGRESSIVE;
				CLANG_CXX_LANGUAGE_STANDARD = "gnu++20";
				CLANG_ENABLE_MODULES = YES;
				CLANG_ENABLE_OBJC_ARC = YES;
				CLANG_ENABLE_OBJC_WEAK = YES;
				CLANG_WARN_BLOCK_CAPTURE_AUTORELEASING = YES;
				CLANG_WARN_BOOL_CONVERSION = YES;
				CLANG_WARN_COMMA = YES;
				CLANG_WARN_CONSTANT_CONVERSION = YES;
				CLANG_WARN_DEPRECATED_OBJC_IMPLEMENTATIONS = YES;
				CLANG_WARN_DIRECT_OBJC_ISA_USAGE = YES_ERROR;
				CLANG_WARN_DOCUMENTATION_COMMENTS = YES;
				CLANG_WARN_EMPTY_BODY = YES;
				CLANG_WARN_ENUM_CONVERSION = YES;
				CLANG_WARN_INFINITE_RECURSION = YES;
				CLANG_WARN_INT_CONVERSION = YES;
				CLANG_WARN_NON_LITERAL_NULL_CONVERSION = YES;
				CLANG_WARN_OBJC_IMPLICIT_RETAIN_SELF = YES;
				CLANG_WARN_OBJC_LITERAL_CONVERSION = YES;
				CLANG_WARN_OBJC_ROOT_CLASS = YES_ERROR;
				CLANG_WARN_QUOTED_INCLUDE_IN_FRAMEWORK_HEADER = YES;
				CLANG_WARN_RANGE_LOOP_ANALYSIS = YES;
				CLANG_WARN_STRICT_PROTOTYPES = YES;
				CLANG_WARN_SUSPICIOUS_MOVE = YES;
				CLANG_WARN_UNGUARDED_AVAILABILITY = YES_AGGRESSIVE;
				CLANG_WARN_UNREACHABLE_CODE = YES;
				CLANG_WARN__DUPLICATE_METHOD_MATCH = YES;
				COPY_PHASE_STRIP = NO;
				DEBUG_INFORMATION_FORMAT = dwarf;
				DEVELOPMENT_TEAM = XS9UN8F2AX;
				ENABLE_STRICT_OBJC_MSGSEND = YES;
				ENABLE_TESTABILITY = YES;
				ENABLE_USER_SCRIPT_SANDBOXING = YES;
				GCC_C_LANGUAGE_STANDARD = gnu17;
				GCC_DYNAMIC_NO_PIC = NO;
				GCC_NO_COMMON_BLOCKS = YES;
				GCC_OPTIMIZATION_LEVEL = 0;
				GCC_PREPROCESSOR_DEFINITIONS = (
					"DEBUG=1",
					"$(inherited)",
				);
				GCC_WARN_64_TO_32_BIT_CONVERSION = YES;
				GCC_WARN_ABOUT_RETURN_TYPE = YES_ERROR;
				GCC_WARN_UNDECLARED_SELECTOR = YES;
				GCC_WARN_UNINITIALIZED_AUTOS = YES_AGGRESSIVE;
				GCC_WARN_UNUSED_FUNCTION = YES;
				GCC_WARN_UNUSED_VARIABLE = YES;
				IPHONEOS_DEPLOYMENT_TARGET = 18.5;
				LOCALIZATION_PREFERS_STRING_CATALOGS = YES;
				MTL_ENABLE_DEBUG_INFO = INCLUDE_SOURCE;
				MTL_FAST_MATH = YES;
				ONLY_ACTIVE_ARCH = YES;
				SDKROOT = iphoneos;
				SWIFT_ACTIVE_COMPILATION_CONDITIONS = "DEBUG $(inherited)";
				SWIFT_OPTIMIZATION_LEVEL = "-Onone";
			};
			name = Debug;
		};
		3D80E8232E4851A5002A21A0 /* Release */ = {
			isa = XCBuildConfiguration;
			buildSettings = {
				ALWAYS_SEARCH_USER_PATHS = NO;
				ASSETCATALOG_COMPILER_GENERATE_SWIFT_ASSET_SYMBOL_EXTENSIONS = YES;
				CLANG_ANALYZER_NONNULL = YES;
				CLANG_ANALYZER_NUMBER_OBJECT_CONVERSION = YES_AGGRESSIVE;
				CLANG_CXX_LANGUAGE_STANDARD = "gnu++20";
				CLANG_ENABLE_MODULES = YES;
				CLANG_ENABLE_OBJC_ARC = YES;
				CLANG_ENABLE_OBJC_WEAK = YES;
				CLANG_WARN_BLOCK_CAPTURE_AUTORELEASING = YES;
				CLANG_WARN_BOOL_CONVERSION = YES;
				CLANG_WARN_COMMA = YES;
				CLANG_WARN_CONSTANT_CONVERSION = YES;
				CLANG_WARN_DEPRECATED_OBJC_IMPLEMENTATIONS = YES;
				CLANG_WARN_DIRECT_OBJC_ISA_USAGE = YES_ERROR;
				CLANG_WARN_DOCUMENTATION_COMMENTS = YES;
				CLANG_WARN_EMPTY_BODY = YES;
				CLANG_WARN_ENUM_CONVERSION = YES;
				CLANG_WARN_INFINITE_RECURSION = YES;
				CLANG_WARN_INT_CONVERSION = YES;
				CLANG_WARN_NON_LITERAL_NULL_CONVERSION = YES;
				CLANG_WARN_OBJC_IMPLICIT_RETAIN_SELF = YES;
				CLANG_WARN_OBJC_LITERAL_CONVERSION = YES;
				CLANG_WARN_OBJC_ROOT_CLASS = YES_ERROR;
				CLANG_WARN_QUOTED_INCLUDE_IN_FRAMEWORK_HEADER = YES;
				CLANG_WARN_RANGE_LOOP_ANALYSIS = YES;
				CLANG_WARN_STRICT_PROTOTYPES = YES;
				CLANG_WARN_SUSPICIOUS_MOVE = YES;
				CLANG_WARN_UNGUARDED_AVAILABILITY = YES_AGGRESSIVE;
				CLANG_WARN_UNREACHABLE_CODE = YES;
				CLANG_WARN__DUPLICATE_METHOD_MATCH = YES;
				COPY_PHASE_STRIP = NO;
				DEBUG_INFORMATION_FORMAT = "dwarf-with-dsym";
				DEVELOPMENT_TEAM = XS9UN8F2AX;
				ENABLE_NS_ASSERTIONS = NO;
				ENABLE_STRICT_OBJC_MSGSEND = YES;
				ENABLE_USER_SCRIPT_SANDBOXING = YES;
				GCC_C_LANGUAGE_STANDARD = gnu17;
				GCC_NO_COMMON_BLOCKS = YES;
				GCC_WARN_64_TO_32_BIT_CONVERSION = YES;
				GCC_WARN_ABOUT_RETURN_TYPE = YES_ERROR;
				GCC_WARN_UNDECLARED_SELECTOR = YES;
				GCC_WARN_UNINITIALIZED_AUTOS = YES_AGGRESSIVE;
				GCC_WARN_UNUSED_FUNCTION = YES;
				GCC_WARN_UNUSED_VARIABLE = YES;
				IPHONEOS_DEPLOYMENT_TARGET = 18.5;
				LOCALIZATION_PREFERS_STRING_CATALOGS = YES;
				MTL_ENABLE_DEBUG_INFO = NO;
				MTL_FAST_MATH = YES;
				SDKROOT = iphoneos;
				SWIFT_COMPILATION_MODE = wholemodule;
				VALIDATE_PRODUCT = YES;
			};
			name = Release;
		};
		3D80E8252E4851A5002A21A0 /* Debug */ = {
			isa = XCBuildConfiguration;
			buildSettings = {
				ASSETCATALOG_COMPILER_APPICON_NAME = AppIcon;
				ASSETCATALOG_COMPILER_GLOBAL_ACCENT_COLOR_NAME = AccentColor;
				CODE_SIGN_STYLE = Automatic;
				CURRENT_PROJECT_VERSION = 1;
				DEVELOPMENT_TEAM = XS9UN8F2AX;
				ENABLE_PREVIEWS = YES;
				GENERATE_INFOPLIST_FILE = YES;
				INFOPLIST_FILE = Warak/Info.plist;
				INFOPLIST_KEY_NSMicrophoneUsageDescription = "빠른 영감 기록을 위해 마이크를 사용합니다.";
				INFOPLIST_KEY_NSSpeechRecognitionUsageDescription = "빠른 영감 기록을 위해 Speech 인식 기능을 사용합니다.";
				INFOPLIST_KEY_UIApplicationSceneManifest_Generation = YES;
				INFOPLIST_KEY_UIApplicationSupportsIndirectInputEvents = YES;
				INFOPLIST_KEY_UILaunchScreen_Generation = YES;
				INFOPLIST_KEY_UISupportedInterfaceOrientations_iPad = "UIInterfaceOrientationPortrait UIInterfaceOrientationPortraitUpsideDown UIInterfaceOrientationLandscapeLeft UIInterfaceOrientationLandscapeRight";
				INFOPLIST_KEY_UISupportedInterfaceOrientations_iPhone = "UIInterfaceOrientationPortrait UIInterfaceOrientationLandscapeLeft UIInterfaceOrientationLandscapeRight";
				LD_RUNPATH_SEARCH_PATHS = (
					"$(inherited)",
					"@executable_path/Frameworks",
				);
				MARKETING_VERSION = 1.0;
				PRODUCT_BUNDLE_IDENTIFIER = com.youngtaek.Warak;
				PRODUCT_NAME = "$(TARGET_NAME)";
				SWIFT_EMIT_LOC_STRINGS = YES;
				SWIFT_VERSION = 5.0;
				TARGETED_DEVICE_FAMILY = "1,2";
			};
			name = Debug;
		};
		3D80E8262E4851A5002A21A0 /* Release */ = {
			isa = XCBuildConfiguration;
			buildSettings = {
				ASSETCATALOG_COMPILER_APPICON_NAME = AppIcon;
				ASSETCATALOG_COMPILER_GLOBAL_ACCENT_COLOR_NAME = AccentColor;
				CODE_SIGN_STYLE = Automatic;
				CURRENT_PROJECT_VERSION = 1;
				DEVELOPMENT_TEAM = XS9UN8F2AX;
				ENABLE_PREVIEWS = YES;
				GENERATE_INFOPLIST_FILE = YES;
				INFOPLIST_FILE = Warak/Info.plist;
				INFOPLIST_KEY_NSMicrophoneUsageDescription = "빠른 영감 기록을 위해 마이크를 사용합니다.";
				INFOPLIST_KEY_NSSpeechRecognitionUsageDescription = "빠른 영감 기록을 위해 Speech 인식 기능을 사용합니다.";
				INFOPLIST_KEY_UIApplicationSceneManifest_Generation = YES;
				INFOPLIST_KEY_UIApplicationSupportsIndirectInputEvents = YES;
				INFOPLIST_KEY_UILaunchScreen_Generation = YES;
				INFOPLIST_KEY_UISupportedInterfaceOrientations_iPad = "UIInterfaceOrientationPortrait UIInterfaceOrientationPortraitUpsideDown UIInterfaceOrientationLandscapeLeft UIInterfaceOrientationLandscapeRight";
				INFOPLIST_KEY_UISupportedInterfaceOrientations_iPhone = "UIInterfaceOrientationPortrait UIInterfaceOrientationLandscapeLeft UIInterfaceOrientationLandscapeRight";
				LD_RUNPATH_SEARCH_PATHS = (
					"$(inherited)",
					"@executable_path/Frameworks",
				);
				MARKETING_VERSION = 1.0;
				PRODUCT_BUNDLE_IDENTIFIER = com.youngtaek.Warak;
				PRODUCT_NAME = "$(TARGET_NAME)";
				SWIFT_EMIT_LOC_STRINGS = YES;
				SWIFT_VERSION = 5.0;
				TARGETED_DEVICE_FAMILY = "1,2";
			};
			name = Release;
		};
		3D80E8282E4851A5002A21A0 /* Debug */ = {
			isa = XCBuildConfiguration;
			buildSettings = {
				BUNDLE_LOADER = "$(TEST_HOST)";
				CODE_SIGN_STYLE = Automatic;
				CURRENT_PROJECT_VERSION = 1;
				DEVELOPMENT_TEAM = XS9UN8F2AX;
				GENERATE_INFOPLIST_FILE = YES;
				IPHONEOS_DEPLOYMENT_TARGET = 18.5;
				MARKETING_VERSION = 1.0;
				PRODUCT_BUNDLE_IDENTIFIER = com.youngtaek.WarakTests;
				PRODUCT_NAME = "$(TARGET_NAME)";
				SWIFT_EMIT_LOC_STRINGS = NO;
				SWIFT_VERSION = 5.0;
				TARGETED_DEVICE_FAMILY = "1,2";
				TEST_HOST = "$(BUILT_PRODUCTS_DIR)/Warak.app/$(BUNDLE_EXECUTABLE_FOLDER_PATH)/Warak";
			};
			name = Debug;
		};
		3D80E8292E4851A5002A21A0 /* Release */ = {
			isa = XCBuildConfiguration;
			buildSettings = {
				BUNDLE_LOADER = "$(TEST_HOST)";
				CODE_SIGN_STYLE = Automatic;
				CURRENT_PROJECT_VERSION = 1;
				DEVELOPMENT_TEAM = XS9UN8F2AX;
				GENERATE_INFOPLIST_FILE = YES;
				IPHONEOS_DEPLOYMENT_TARGET = 18.5;
				MARKETING_VERSION = 1.0;
				PRODUCT_BUNDLE_IDENTIFIER = com.youngtaek.WarakTests;
				PRODUCT_NAME = "$(TARGET_NAME)";
				SWIFT_EMIT_LOC_STRINGS = NO;
				SWIFT_VERSION = 5.0;
				TARGETED_DEVICE_FAMILY = "1,2";
				TEST_HOST = "$(BUILT_PRODUCTS_DIR)/Warak.app/$(BUNDLE_EXECUTABLE_FOLDER_PATH)/Warak";
			};
			name = Release;
		};
		3D80E82B2E4851A5002A21A0 /* Debug */ = {
			isa = XCBuildConfiguration;
			buildSettings = {
				CODE_SIGN_STYLE = Automatic;
				CURRENT_PROJECT_VERSION = 1;
				DEVELOPMENT_TEAM = XS9UN8F2AX;
				GENERATE_INFOPLIST_FILE = YES;
				MARKETING_VERSION = 1.0;
				PRODUCT_BUNDLE_IDENTIFIER = com.youngtaek.WarakUITests;
				PRODUCT_NAME = "$(TARGET_NAME)";
				SWIFT_EMIT_LOC_STRINGS = NO;
				SWIFT_VERSION = 5.0;
				TARGETED_DEVICE_FAMILY = "1,2";
				TEST_TARGET_NAME = Warak;
			};
			name = Debug;
		};
		3D80E82C2E4851A5002A21A0 /* Release */ = {
			isa = XCBuildConfiguration;
			buildSettings = {
				CODE_SIGN_STYLE = Automatic;
				CURRENT_PROJECT_VERSION = 1;
				DEVELOPMENT_TEAM = XS9UN8F2AX;
				GENERATE_INFOPLIST_FILE = YES;
				MARKETING_VERSION = 1.0;
				PRODUCT_BUNDLE_IDENTIFIER = com.youngtaek.WarakUITests;
				PRODUCT_NAME = "$(TARGET_NAME)";
				SWIFT_EMIT_LOC_STRINGS = NO;
				SWIFT_VERSION = 5.0;
				TARGETED_DEVICE_FAMILY = "1,2";
				TEST_TARGET_NAME = Warak;
			};
			name = Release;
		};
/* End XCBuildConfiguration section */

/* Begin XCConfigurationList section */
		3D80E7FC2E4851A4002A21A0 /* Build configuration list for PBXProject "Warak" */ = {
			isa = XCConfigurationList;
			buildConfigurations = (
				3D80E8222E4851A5002A21A0 /* Debug */,
				3D80E8232E4851A5002A21A0 /* Release */,
			);
			defaultConfigurationIsVisible = 0;
			defaultConfigurationName = Release;
		};
		3D80E8242E4851A5002A21A0 /* Build configuration list for PBXNativeTarget "Warak" */ = {
			isa = XCConfigurationList;
			buildConfigurations = (
				3D80E8252E4851A5002A21A0 /* Debug */,
				3D80E8262E4851A5002A21A0 /* Release */,
			);
			defaultConfigurationIsVisible = 0;
			defaultConfigurationName = Release;
		};
		3D80E8272E4851A5002A21A0 /* Build configuration list for PBXNativeTarget "WarakTests" */ = {
			isa = XCConfigurationList;
			buildConfigurations = (
				3D80E8282E4851A5002A21A0 /* Debug */,
				3D80E8292E4851A5002A21A0 /* Release */,
			);
			defaultConfigurationIsVisible = 0;
			defaultConfigurationName = Release;
		};
		3D80E82A2E4851A5002A21A0 /* Build configuration list for PBXNativeTarget "WarakUITests" */ = {
			isa = XCConfigurationList;
			buildConfigurations = (
				3D80E82B2E4851A5002A21A0 /* Debug */,
				3D80E82C2E4851A5002A21A0 /* Release */,
			);
			defaultConfigurationIsVisible = 0;
			defaultConfigurationName = Release;
		};
/* End XCConfigurationList section */
	};
	rootObject = 3D80E7F92E4851A4002A21A0 /* Project object */;
}
